
Microsoft Visual Studio Solution File, Format Version 12.00
# Visual Studio Version 17
VisualStudioVersion = 17.11.35219.272
MinimumVisualStudioVersion = 10.0.40219.1
Project("{FAE04EC0-301F-11D3-BF4B-00C04F79EFBC}") = "QUESTAO05HUMBERTOPT2", "QUESTAO05HUMBERTOPT2\QUESTAO05HUMBERTOPT2.csproj", "{4D87B736-8BF5-47A6-8455-A0B8C1475BE4}"
EndProject
Global
	GlobalSection(SolutionConfigurationPlatforms) = preSolution
		Debug|Any CPU = Debug|Any CPU
		Release|Any CPU = Release|Any CPU
	EndGlobalSection
	GlobalSection(ProjectConfigurationPlatforms) = postSolution
		{4D87B736-8BF5-47A6-8455-A0B8C1475BE4}.Debug|Any CPU.ActiveCfg = Debug|Any CPU
		{4D87B736-8BF5-47A6-8455-A0B8C1475BE4}.Debug|Any CPU.Build.0 = Debug|Any CPU
		{4D87B736-8BF5-47A6-8455-A0B8C1475BE4}.Release|Any CPU.ActiveCfg = Release|Any CPU
		{4D87B736-8BF5-47A6-8455-A0B8C1475BE4}.Release|Any CPU.Build.0 = Release|Any CPU
	EndGlobalSection
	GlobalSection(SolutionProperties) = preSolution
		HideSolutionNode = FALSE
	EndGlobalSection
	GlobalSection(ExtensibilityGlobals) = postSolution
		SolutionGuid = {F6CFA43A-4C66-4387-B798-D754946CC7BD}
	EndGlobalSection
EndGlobal
